
Microsoft Visual Studio Solution File, Format Version 12.00
# Visual Studio Version 16
VisualStudioVersion = 16.0.30114.105
MinimumVisualStudioVersion = 10.0.40219.1
Project("{FAE04EC0-301F-11D3-BF4B-00C04F79EFBC}") = "Poseidon.Core.Entities", "Poseidon.Core.Entities\Poseidon.Core.Entities.csproj", "{394006C5-2907-43F6-B469-2EC9148DDD94}"
EndProject
Project("{FAE04EC0-301F-11D3-BF4B-00C04F79EFBC}") = "Poseidon.Common.Util", "Poseidon.Common.Util\Poseidon.Common.Util.csproj", "{48A58F46-F4E2-4034-807E-6470ECB6F0EF}"
EndProject
Project("{FAE04EC0-301F-11D3-BF4B-00C04F79EFBC}") = "Poseidon.Core.Dynamic", "Poseidon.Core.Dynamic\Poseidon.Core.Dynamic.csproj", "{85B62CC2-3F3E-4AA9-B731-0EBA0F71BD75}"
EndProject
Project("{FAE04EC0-301F-11D3-BF4B-00C04F79EFBC}") = "Poseidon.Core.Dynamic.Tests", "Poseidon.Core.Dynamic.Tests\Poseidon.Core.Dynamic.Tests.csproj", "{97904432-71AA-4732-96FB-EB423C39B5E1}"
EndProject
Project("{FAE04EC0-301F-11D3-BF4B-00C04F79EFBC}") = "Poseidon.Core.API", "Poseidon.Core.API\Poseidon.Core.API.csproj", "{3E9E28A7-8485-460D-AE12-C03566FEB619}"
EndProject
Project("{FAE04EC0-301F-11D3-BF4B-00C04F79EFBC}") = "Poseidon.Core.Exceptions", "Poseidon.Core.Exceptions\Poseidon.Core.Exceptions.csproj", "{C03F541A-E30D-4B97-8AE9-B3281B2DF9A2}"
EndProject
Project("{FAE04EC0-301F-11D3-BF4B-00C04F79EFBC}") = "Poseidon.Common.OData", "Poseidon.Common.OData\Poseidon.Common.OData.csproj", "{98A77A3A-DAA9-4CFA-B718-79090B023330}"
EndProject
Project("{FAE04EC0-301F-11D3-BF4B-00C04F79EFBC}") = "Poseidon.Common.Entities", "Poseidon.Common.Entities\Poseidon.Common.Entities.csproj", "{47A77499-58A8-49A6-80F3-4ABEAC7D01EB}"
EndProject
Global
	GlobalSection(SolutionConfigurationPlatforms) = preSolution
		Debug|Any CPU = Debug|Any CPU
		Debug|x64 = Debug|x64
		Debug|x86 = Debug|x86
		Release|Any CPU = Release|Any CPU
		Release|x64 = Release|x64
		Release|x86 = Release|x86
	EndGlobalSection
	GlobalSection(SolutionProperties) = preSolution
		HideSolutionNode = FALSE
	EndGlobalSection
	GlobalSection(ProjectConfigurationPlatforms) = postSolution
		{394006C5-2907-43F6-B469-2EC9148DDD94}.Debug|Any CPU.ActiveCfg = Debug|Any CPU
		{394006C5-2907-43F6-B469-2EC9148DDD94}.Debug|Any CPU.Build.0 = Debug|Any CPU
		{394006C5-2907-43F6-B469-2EC9148DDD94}.Debug|x64.ActiveCfg = Debug|Any CPU
		{394006C5-2907-43F6-B469-2EC9148DDD94}.Debug|x64.Build.0 = Debug|Any CPU
		{394006C5-2907-43F6-B469-2EC9148DDD94}.Debug|x86.ActiveCfg = Debug|Any CPU
		{394006C5-2907-43F6-B469-2EC9148DDD94}.Debug|x86.Build.0 = Debug|Any CPU
		{394006C5-2907-43F6-B469-2EC9148DDD94}.Release|Any CPU.ActiveCfg = Release|Any CPU
		{394006C5-2907-43F6-B469-2EC9148DDD94}.Release|Any CPU.Build.0 = Release|Any CPU
		{394006C5-2907-43F6-B469-2EC9148DDD94}.Release|x64.ActiveCfg = Release|Any CPU
		{394006C5-2907-43F6-B469-2EC9148DDD94}.Release|x64.Build.0 = Release|Any CPU
		{394006C5-2907-43F6-B469-2EC9148DDD94}.Release|x86.ActiveCfg = Release|Any CPU
		{394006C5-2907-43F6-B469-2EC9148DDD94}.Release|x86.Build.0 = Release|Any CPU
		{48A58F46-F4E2-4034-807E-6470ECB6F0EF}.Debug|Any CPU.ActiveCfg = Debug|Any CPU
		{48A58F46-F4E2-4034-807E-6470ECB6F0EF}.Debug|Any CPU.Build.0 = Debug|Any CPU
		{48A58F46-F4E2-4034-807E-6470ECB6F0EF}.Debug|x64.ActiveCfg = Debug|Any CPU
		{48A58F46-F4E2-4034-807E-6470ECB6F0EF}.Debug|x64.Build.0 = Debug|Any CPU
		{48A58F46-F4E2-4034-807E-6470ECB6F0EF}.Debug|x86.ActiveCfg = Debug|Any CPU
		{48A58F46-F4E2-4034-807E-6470ECB6F0EF}.Debug|x86.Build.0 = Debug|Any CPU
		{48A58F46-F4E2-4034-807E-6470ECB6F0EF}.Release|Any CPU.ActiveCfg = Release|Any CPU
		{48A58F46-F4E2-4034-807E-6470ECB6F0EF}.Release|Any CPU.Build.0 = Release|Any CPU
		{48A58F46-F4E2-4034-807E-6470ECB6F0EF}.Release|x64.ActiveCfg = Release|Any CPU
		{48A58F46-F4E2-4034-807E-6470ECB6F0EF}.Release|x64.Build.0 = Release|Any CPU
		{48A58F46-F4E2-4034-807E-6470ECB6F0EF}.Release|x86.ActiveCfg = Release|Any CPU
		{48A58F46-F4E2-4034-807E-6470ECB6F0EF}.Release|x86.Build.0 = Release|Any CPU
		{85B62CC2-3F3E-4AA9-B731-0EBA0F71BD75}.Debug|Any CPU.ActiveCfg = Debug|Any CPU
		{85B62CC2-3F3E-4AA9-B731-0EBA0F71BD75}.Debug|Any CPU.Build.0 = Debug|Any CPU
		{85B62CC2-3F3E-4AA9-B731-0EBA0F71BD75}.Debug|x64.ActiveCfg = Debug|Any CPU
		{85B62CC2-3F3E-4AA9-B731-0EBA0F71BD75}.Debug|x64.Build.0 = Debug|Any CPU
		{85B62CC2-3F3E-4AA9-B731-0EBA0F71BD75}.Debug|x86.ActiveCfg = Debug|Any CPU
		{85B62CC2-3F3E-4AA9-B731-0EBA0F71BD75}.Debug|x86.Build.0 = Debug|Any CPU
		{85B62CC2-3F3E-4AA9-B731-0EBA0F71BD75}.Release|Any CPU.ActiveCfg = Release|Any CPU
		{85B62CC2-3F3E-4AA9-B731-0EBA0F71BD75}.Release|Any CPU.Build.0 = Release|Any CPU
		{85B62CC2-3F3E-4AA9-B731-0EBA0F71BD75}.Release|x64.ActiveCfg = Release|Any CPU
		{85B62CC2-3F3E-4AA9-B731-0EBA0F71BD75}.Release|x64.Build.0 = Release|Any CPU
		{85B62CC2-3F3E-4AA9-B731-0EBA0F71BD75}.Release|x86.ActiveCfg = Release|Any CPU
		{85B62CC2-3F3E-4AA9-B731-0EBA0F71BD75}.Release|x86.Build.0 = Release|Any CPU
		{97904432-71AA-4732-96FB-EB423C39B5E1}.Debug|Any CPU.ActiveCfg = Debug|Any CPU
		{97904432-71AA-4732-96FB-EB423C39B5E1}.Debug|Any CPU.Build.0 = Debug|Any CPU
		{97904432-71AA-4732-96FB-EB423C39B5E1}.Debug|x64.ActiveCfg = Debug|Any CPU
		{97904432-71AA-4732-96FB-EB423C39B5E1}.Debug|x64.Build.0 = Debug|Any CPU
		{97904432-71AA-4732-96FB-EB423C39B5E1}.Debug|x86.ActiveCfg = Debug|Any CPU
		{97904432-71AA-4732-96FB-EB423C39B5E1}.Debug|x86.Build.0 = Debug|Any CPU
		{97904432-71AA-4732-96FB-EB423C39B5E1}.Release|Any CPU.ActiveCfg = Release|Any CPU
		{97904432-71AA-4732-96FB-EB423C39B5E1}.Release|Any CPU.Build.0 = Release|Any CPU
		{97904432-71AA-4732-96FB-EB423C39B5E1}.Release|x64.ActiveCfg = Release|Any CPU
		{97904432-71AA-4732-96FB-EB423C39B5E1}.Release|x64.Build.0 = Release|Any CPU
		{97904432-71AA-4732-96FB-EB423C39B5E1}.Release|x86.ActiveCfg = Release|Any CPU
		{97904432-71AA-4732-96FB-EB423C39B5E1}.Release|x86.Build.0 = Release|Any CPU
		{3E9E28A7-8485-460D-AE12-C03566FEB619}.Debug|Any CPU.ActiveCfg = Debug|Any CPU
		{3E9E28A7-8485-460D-AE12-C03566FEB619}.Debug|Any CPU.Build.0 = Debug|Any CPU
		{3E9E28A7-8485-460D-AE12-C03566FEB619}.Debug|x64.ActiveCfg = Debug|Any CPU
		{3E9E28A7-8485-460D-AE12-C03566FEB619}.Debug|x64.Build.0 = Debug|Any CPU
		{3E9E28A7-8485-460D-AE12-C03566FEB619}.Debug|x86.ActiveCfg = Debug|Any CPU
		{3E9E28A7-8485-460D-AE12-C03566FEB619}.Debug|x86.Build.0 = Debug|Any CPU
		{3E9E28A7-8485-460D-AE12-C03566FEB619}.Release|Any CPU.ActiveCfg = Release|Any CPU
		{3E9E28A7-8485-460D-AE12-C03566FEB619}.Release|Any CPU.Build.0 = Release|Any CPU
		{3E9E28A7-8485-460D-AE12-C03566FEB619}.Release|x64.ActiveCfg = Release|Any CPU
		{3E9E28A7-8485-460D-AE12-C03566FEB619}.Release|x64.Build.0 = Release|Any CPU
		{3E9E28A7-8485-460D-AE12-C03566FEB619}.Release|x86.ActiveCfg = Release|Any CPU
		{3E9E28A7-8485-460D-AE12-C03566FEB619}.Release|x86.Build.0 = Release|Any CPU
		{43A741E2-451F-4486-A2AA-A14694A581ED}.Debug|Any CPU.ActiveCfg = Debug|Any CPU
		{43A741E2-451F-4486-A2AA-A14694A581ED}.Debug|Any CPU.Build.0 = Debug|Any CPU
		{43A741E2-451F-4486-A2AA-A14694A581ED}.Debug|x64.ActiveCfg = Debug|Any CPU
		{43A741E2-451F-4486-A2AA-A14694A581ED}.Debug|x64.Build.0 = Debug|Any CPU
		{43A741E2-451F-4486-A2AA-A14694A581ED}.Debug|x86.ActiveCfg = Debug|Any CPU
		{43A741E2-451F-4486-A2AA-A14694A581ED}.Debug|x86.Build.0 = Debug|Any CPU
		{43A741E2-451F-4486-A2AA-A14694A581ED}.Release|Any CPU.ActiveCfg = Release|Any CPU
		{43A741E2-451F-4486-A2AA-A14694A581ED}.Release|Any CPU.Build.0 = Release|Any CPU
		{43A741E2-451F-4486-A2AA-A14694A581ED}.Release|x64.ActiveCfg = Release|Any CPU
		{43A741E2-451F-4486-A2AA-A14694A581ED}.Release|x64.Build.0 = Release|Any CPU
		{43A741E2-451F-4486-A2AA-A14694A581ED}.Release|x86.ActiveCfg = Release|Any CPU
		{43A741E2-451F-4486-A2AA-A14694A581ED}.Release|x86.Build.0 = Release|Any CPU
		{C03F541A-E30D-4B97-8AE9-B3281B2DF9A2}.Debug|Any CPU.ActiveCfg = Debug|Any CPU
		{C03F541A-E30D-4B97-8AE9-B3281B2DF9A2}.Debug|Any CPU.Build.0 = Debug|Any CPU
		{C03F541A-E30D-4B97-8AE9-B3281B2DF9A2}.Debug|x64.ActiveCfg = Debug|Any CPU
		{C03F541A-E30D-4B97-8AE9-B3281B2DF9A2}.Debug|x64.Build.0 = Debug|Any CPU
		{C03F541A-E30D-4B97-8AE9-B3281B2DF9A2}.Debug|x86.ActiveCfg = Debug|Any CPU
		{C03F541A-E30D-4B97-8AE9-B3281B2DF9A2}.Debug|x86.Build.0 = Debug|Any CPU
		{C03F541A-E30D-4B97-8AE9-B3281B2DF9A2}.Release|Any CPU.ActiveCfg = Release|Any CPU
		{C03F541A-E30D-4B97-8AE9-B3281B2DF9A2}.Release|Any CPU.Build.0 = Release|Any CPU
		{C03F541A-E30D-4B97-8AE9-B3281B2DF9A2}.Release|x64.ActiveCfg = Release|Any CPU
		{C03F541A-E30D-4B97-8AE9-B3281B2DF9A2}.Release|x64.Build.0 = Release|Any CPU
		{C03F541A-E30D-4B97-8AE9-B3281B2DF9A2}.Release|x86.ActiveCfg = Release|Any CPU
		{C03F541A-E30D-4B97-8AE9-B3281B2DF9A2}.Release|x86.Build.0 = Release|Any CPU
		{98A77A3A-DAA9-4CFA-B718-79090B023330}.Debug|Any CPU.ActiveCfg = Debug|Any CPU
		{98A77A3A-DAA9-4CFA-B718-79090B023330}.Debug|Any CPU.Build.0 = Debug|Any CPU
		{98A77A3A-DAA9-4CFA-B718-79090B023330}.Debug|x64.ActiveCfg = Debug|Any CPU
		{98A77A3A-DAA9-4CFA-B718-79090B023330}.Debug|x64.Build.0 = Debug|Any CPU
		{98A77A3A-DAA9-4CFA-B718-79090B023330}.Debug|x86.ActiveCfg = Debug|Any CPU
		{98A77A3A-DAA9-4CFA-B718-79090B023330}.Debug|x86.Build.0 = Debug|Any CPU
		{98A77A3A-DAA9-4CFA-B718-79090B023330}.Release|Any CPU.ActiveCfg = Release|Any CPU
		{98A77A3A-DAA9-4CFA-B718-79090B023330}.Release|Any CPU.Build.0 = Release|Any CPU
		{98A77A3A-DAA9-4CFA-B718-79090B023330}.Release|x64.ActiveCfg = Release|Any CPU
		{98A77A3A-DAA9-4CFA-B718-79090B023330}.Release|x64.Build.0 = Release|Any CPU
		{98A77A3A-DAA9-4CFA-B718-79090B023330}.Release|x86.ActiveCfg = Release|Any CPU
		{98A77A3A-DAA9-4CFA-B718-79090B023330}.Release|x86.Build.0 = Release|Any CPU
		{47A77499-58A8-49A6-80F3-4ABEAC7D01EB}.Debug|Any CPU.ActiveCfg = Debug|Any CPU
		{47A77499-58A8-49A6-80F3-4ABEAC7D01EB}.Debug|Any CPU.Build.0 = Debug|Any CPU
		{47A77499-58A8-49A6-80F3-4ABEAC7D01EB}.Debug|x64.ActiveCfg = Debug|Any CPU
		{47A77499-58A8-49A6-80F3-4ABEAC7D01EB}.Debug|x64.Build.0 = Debug|Any CPU
		{47A77499-58A8-49A6-80F3-4ABEAC7D01EB}.Debug|x86.ActiveCfg = Debug|Any CPU
		{47A77499-58A8-49A6-80F3-4ABEAC7D01EB}.Debug|x86.Build.0 = Debug|Any CPU
		{47A77499-58A8-49A6-80F3-4ABEAC7D01EB}.Release|Any CPU.ActiveCfg = Release|Any CPU
		{47A77499-58A8-49A6-80F3-4ABEAC7D01EB}.Release|Any CPU.Build.0 = Release|Any CPU
		{47A77499-58A8-49A6-80F3-4ABEAC7D01EB}.Release|x64.ActiveCfg = Release|Any CPU
		{47A77499-58A8-49A6-80F3-4ABEAC7D01EB}.Release|x64.Build.0 = Release|Any CPU
		{47A77499-58A8-49A6-80F3-4ABEAC7D01EB}.Release|x86.ActiveCfg = Release|Any CPU
		{47A77499-58A8-49A6-80F3-4ABEAC7D01EB}.Release|x86.Build.0 = Release|Any CPU
	EndGlobalSection
EndGlobal
